
Microsoft Visual Studio Solution File, Format Version 12.00
# Visual Studio Version 17
VisualStudioVersion = 17.10.34916.146
MinimumVisualStudioVersion = 10.0.40219.1
Project("{FAE04EC0-301F-11D3-BF4B-00C04F79EFBC}") = "Loops", "Loops\Loops.csproj", "{10C8B9B1-1A6C-449D-A9EF-328F8B8E8FCB}"
EndProject
Global
	GlobalSection(SolutionConfigurationPlatforms) = preSolution
		Debug|Any CPU = Debug|Any CPU
		Release|Any CPU = Release|Any CPU
	EndGlobalSection
	GlobalSection(ProjectConfigurationPlatforms) = postSolution
		{10C8B9B1-1A6C-449D-A9EF-328F8B8E8FCB}.Debug|Any CPU.ActiveCfg = Debug|Any CPU
		{10C8B9B1-1A6C-449D-A9EF-328F8B8E8FCB}.Debug|Any CPU.Build.0 = Debug|Any CPU
		{10C8B9B1-1A6C-449D-A9EF-328F8B8E8FCB}.Release|Any CPU.ActiveCfg = Release|Any CPU
		{10C8B9B1-1A6C-449D-A9EF-328F8B8E8FCB}.Release|Any CPU.Build.0 = Release|Any CPU
	EndGlobalSection
	GlobalSection(SolutionProperties) = preSolution
		HideSolutionNode = FALSE
	EndGlobalSection
	GlobalSection(ExtensibilityGlobals) = postSolution
		SolutionGuid = {0F71A494-B208-497A-AE40-9061FF380457}
	EndGlobalSection
EndGlobal
